
Microsoft Visual Studio Solution File, Format Version 12.00
# Visual Studio 15
VisualStudioVersion = 15.0.26430.16
MinimumVisualStudioVersion = 10.0.40219.1
Project("{8BC9CEB8-8B4A-11D0-8D11-00A0C91BC942}") = "Exporter_SNT", "Exporter_SNT\Exporter_SNT.vcxproj", "{110CF2DC-8DFD-4E47-BF88-6B3B0B2D6318}"
EndProject
Project("{8BC9CEB8-8B4A-11D0-8D11-00A0C91BC942}") = "Exporter_MBIN", "Exporter_MBIN\Exporter_MBIN.vcxproj", "{CF4A0F46-11A3-45B6-8CF5-1D2A1D49E702}"
EndProject
Project("{8BC9CEB8-8B4A-11D0-8D11-00A0C91BC942}") = "Importer_SNT", "Importer_SNT\Importer_SNT.vcxproj", "{4343EBBD-D12D-4CAA-82BB-5C632A2899A0}"
EndProject
Project("{8BC9CEB8-8B4A-11D0-8D11-00A0C91BC942}") = "ed_voice", "ed_voice\ed_voice.vcxproj", "{34C20CDE-F449-4ECB-9957-46E6E109956E}"
EndProject
Project("{8BC9CEB8-8B4A-11D0-8D11-00A0C91BC942}") = "ed_voice_Test", "ed_voice_Test\ed_voice_Test.vcxproj", "{91D113FA-DDE9-46EF-8646-ACB606B82898}"
	ProjectSection(ProjectDependencies) = postProject
		{D8822198-F4C6-4DC4-AD4C-EA04A8277CCB} = {D8822198-F4C6-4DC4-AD4C-EA04A8277CCB}
		{34C20CDE-F449-4ECB-9957-46E6E109956E} = {34C20CDE-F449-4ECB-9957-46E6E109956E}
		{876751F5-E162-4093-B897-9914C9118034} = {876751F5-E162-4093-B897-9914C9118034}
	EndProjectSection
EndProject
Project("{8BC9CEB8-8B4A-11D0-8D11-00A0C91BC942}") = "ZA_Exporter_PY", "ZA_Exporter_PY\ZA_Exporter_PY.vcxproj", "{151BCC7D-9544-4D01-8AF7-1828735626A5}"
EndProject
Project("{8BC9CEB8-8B4A-11D0-8D11-00A0C91BC942}") = "ZA_Exporter_BIN", "ZA_Exporter_BIN\ZA_Exporter_BIN.vcxproj", "{04A89EF1-566E-4D52-834A-5D61185514F2}"
EndProject
Project("{8BC9CEB8-8B4A-11D0-8D11-00A0C91BC942}") = "ZA_Importer_PY", "ZA_Importer_PY\ZA_Importer_PY.vcxproj", "{D2446DF7-7393-47A9-A4B7-CD3A9560CA14}"
EndProject
Project("{8BC9CEB8-8B4A-11D0-8D11-00A0C91BC942}") = "Hooked_dinput8", "Hooked_dinput8\Hooked_dinput8.vcxproj", "{876751F5-E162-4093-B897-9914C9118034}"
EndProject
Project("{8BC9CEB8-8B4A-11D0-8D11-00A0C91BC942}") = "za_voice", "za_voice\za_voice.vcxproj", "{D8822198-F4C6-4DC4-AD4C-EA04A8277CCB}"
EndProject
Project("{8BC9CEB8-8B4A-11D0-8D11-00A0C91BC942}") = "ZA_FIX_PY", "ZA_FIX_PY\ZA_FIX_PY.vcxproj", "{91EF6E05-3840-499B-9214-8D21BB7F3C7B}"
EndProject
Project("{2150E333-8FDC-42A3-9474-1A3956D46DE8}") = "Sora_ImExport", "Sora_ImExport", "{18ECAB53-768C-460A-8F31-ED97C6238F53}"
EndProject
Project("{2150E333-8FDC-42A3-9474-1A3956D46DE8}") = "ZA_ImExport", "ZA_ImExport", "{5EC5CF59-F20B-421A-9B93-03CBEECDB6B9}"
EndProject
Project("{2150E333-8FDC-42A3-9474-1A3956D46DE8}") = "Main", "Main", "{44BD20E8-B5FC-4F77-994A-ACE5F4E5C87E}"
EndProject
Project("{2150E333-8FDC-42A3-9474-1A3956D46DE8}") = "Test", "Test", "{4CE12AEB-F0A5-4DA0-BF2A-ECC604BB48CD}"
EndProject
Project("{8BC9CEB8-8B4A-11D0-8D11-00A0C91BC942}") = "Format_SNT", "Format_SNT\Format_SNT.vcxproj", "{E147AA5C-C71F-4E7E-A454-54F5270162F7}"
EndProject
Project("{8BC9CEB8-8B4A-11D0-8D11-00A0C91BC942}") = "RemoveCMT_SNT", "RemoveCMT_SNT\RemoveCMT_SNT.vcxproj", "{B8CF0EBF-2E0E-4A69-9144-9525641A07D7}"
EndProject
Global
	GlobalSection(SolutionConfigurationPlatforms) = preSolution
		Debug|x86 = Debug|x86
		Release|x86 = Release|x86
	EndGlobalSection
	GlobalSection(ProjectConfigurationPlatforms) = postSolution
		{110CF2DC-8DFD-4E47-BF88-6B3B0B2D6318}.Debug|x86.ActiveCfg = Debug|Win32
		{110CF2DC-8DFD-4E47-BF88-6B3B0B2D6318}.Debug|x86.Build.0 = Debug|Win32
		{110CF2DC-8DFD-4E47-BF88-6B3B0B2D6318}.Release|x86.ActiveCfg = Release|Win32
		{110CF2DC-8DFD-4E47-BF88-6B3B0B2D6318}.Release|x86.Build.0 = Release|Win32
		{CF4A0F46-11A3-45B6-8CF5-1D2A1D49E702}.Debug|x86.ActiveCfg = Debug|Win32
		{CF4A0F46-11A3-45B6-8CF5-1D2A1D49E702}.Debug|x86.Build.0 = Debug|Win32
		{CF4A0F46-11A3-45B6-8CF5-1D2A1D49E702}.Release|x86.ActiveCfg = Release|Win32
		{CF4A0F46-11A3-45B6-8CF5-1D2A1D49E702}.Release|x86.Build.0 = Release|Win32
		{4343EBBD-D12D-4CAA-82BB-5C632A2899A0}.Debug|x86.ActiveCfg = Debug|Win32
		{4343EBBD-D12D-4CAA-82BB-5C632A2899A0}.Debug|x86.Build.0 = Debug|Win32
		{4343EBBD-D12D-4CAA-82BB-5C632A2899A0}.Release|x86.ActiveCfg = Release|Win32
		{4343EBBD-D12D-4CAA-82BB-5C632A2899A0}.Release|x86.Build.0 = Release|Win32
		{34C20CDE-F449-4ECB-9957-46E6E109956E}.Debug|x86.ActiveCfg = Debug|Win32
		{34C20CDE-F449-4ECB-9957-46E6E109956E}.Debug|x86.Build.0 = Debug|Win32
		{34C20CDE-F449-4ECB-9957-46E6E109956E}.Release|x86.ActiveCfg = Release|Win32
		{34C20CDE-F449-4ECB-9957-46E6E109956E}.Release|x86.Build.0 = Release|Win32
		{91D113FA-DDE9-46EF-8646-ACB606B82898}.Debug|x86.ActiveCfg = Debug|Win32
		{91D113FA-DDE9-46EF-8646-ACB606B82898}.Debug|x86.Build.0 = Debug|Win32
		{91D113FA-DDE9-46EF-8646-ACB606B82898}.Release|x86.ActiveCfg = Release|Win32
		{91D113FA-DDE9-46EF-8646-ACB606B82898}.Release|x86.Build.0 = Release|Win32
		{151BCC7D-9544-4D01-8AF7-1828735626A5}.Debug|x86.ActiveCfg = Debug|Win32
		{151BCC7D-9544-4D01-8AF7-1828735626A5}.Debug|x86.Build.0 = Debug|Win32
		{151BCC7D-9544-4D01-8AF7-1828735626A5}.Release|x86.ActiveCfg = Release|Win32
		{151BCC7D-9544-4D01-8AF7-1828735626A5}.Release|x86.Build.0 = Release|Win32
		{04A89EF1-566E-4D52-834A-5D61185514F2}.Debug|x86.ActiveCfg = Debug|Win32
		{04A89EF1-566E-4D52-834A-5D61185514F2}.Debug|x86.Build.0 = Debug|Win32
		{04A89EF1-566E-4D52-834A-5D61185514F2}.Release|x86.ActiveCfg = Release|Win32
		{04A89EF1-566E-4D52-834A-5D61185514F2}.Release|x86.Build.0 = Release|Win32
		{D2446DF7-7393-47A9-A4B7-CD3A9560CA14}.Debug|x86.ActiveCfg = Debug|Win32
		{D2446DF7-7393-47A9-A4B7-CD3A9560CA14}.Debug|x86.Build.0 = Debug|Win32
		{D2446DF7-7393-47A9-A4B7-CD3A9560CA14}.Release|x86.ActiveCfg = Release|Win32
		{D2446DF7-7393-47A9-A4B7-CD3A9560CA14}.Release|x86.Build.0 = Release|Win32
		{876751F5-E162-4093-B897-9914C9118034}.Debug|x86.ActiveCfg = Debug|Win32
		{876751F5-E162-4093-B897-9914C9118034}.Debug|x86.Build.0 = Debug|Win32
		{876751F5-E162-4093-B897-9914C9118034}.Release|x86.ActiveCfg = Release|Win32
		{876751F5-E162-4093-B897-9914C9118034}.Release|x86.Build.0 = Release|Win32
		{D8822198-F4C6-4DC4-AD4C-EA04A8277CCB}.Debug|x86.ActiveCfg = Debug|Win32
		{D8822198-F4C6-4DC4-AD4C-EA04A8277CCB}.Debug|x86.Build.0 = Debug|Win32
		{D8822198-F4C6-4DC4-AD4C-EA04A8277CCB}.Release|x86.ActiveCfg = Release|Win32
		{D8822198-F4C6-4DC4-AD4C-EA04A8277CCB}.Release|x86.Build.0 = Release|Win32
		{91EF6E05-3840-499B-9214-8D21BB7F3C7B}.Debug|x86.ActiveCfg = Debug|Win32
		{91EF6E05-3840-499B-9214-8D21BB7F3C7B}.Debug|x86.Build.0 = Debug|Win32
		{91EF6E05-3840-499B-9214-8D21BB7F3C7B}.Release|x86.ActiveCfg = Release|Win32
		{91EF6E05-3840-499B-9214-8D21BB7F3C7B}.Release|x86.Build.0 = Release|Win32
		{E147AA5C-C71F-4E7E-A454-54F5270162F7}.Debug|x86.ActiveCfg = Debug|Win32
		{E147AA5C-C71F-4E7E-A454-54F5270162F7}.Debug|x86.Build.0 = Debug|Win32
		{E147AA5C-C71F-4E7E-A454-54F5270162F7}.Release|x86.ActiveCfg = Release|Win32
		{E147AA5C-C71F-4E7E-A454-54F5270162F7}.Release|x86.Build.0 = Release|Win32
		{B8CF0EBF-2E0E-4A69-9144-9525641A07D7}.Debug|x86.ActiveCfg = Debug|Win32
		{B8CF0EBF-2E0E-4A69-9144-9525641A07D7}.Debug|x86.Build.0 = Debug|Win32
		{B8CF0EBF-2E0E-4A69-9144-9525641A07D7}.Release|x86.ActiveCfg = Release|Win32
		{B8CF0EBF-2E0E-4A69-9144-9525641A07D7}.Release|x86.Build.0 = Release|Win32
	EndGlobalSection
	GlobalSection(SolutionProperties) = preSolution
		HideSolutionNode = FALSE
	EndGlobalSection
	GlobalSection(NestedProjects) = preSolution
		{110CF2DC-8DFD-4E47-BF88-6B3B0B2D6318} = {18ECAB53-768C-460A-8F31-ED97C6238F53}
		{CF4A0F46-11A3-45B6-8CF5-1D2A1D49E702} = {18ECAB53-768C-460A-8F31-ED97C6238F53}
		{4343EBBD-D12D-4CAA-82BB-5C632A2899A0} = {18ECAB53-768C-460A-8F31-ED97C6238F53}
		{34C20CDE-F449-4ECB-9957-46E6E109956E} = {44BD20E8-B5FC-4F77-994A-ACE5F4E5C87E}
		{91D113FA-DDE9-46EF-8646-ACB606B82898} = {4CE12AEB-F0A5-4DA0-BF2A-ECC604BB48CD}
		{151BCC7D-9544-4D01-8AF7-1828735626A5} = {5EC5CF59-F20B-421A-9B93-03CBEECDB6B9}
		{04A89EF1-566E-4D52-834A-5D61185514F2} = {5EC5CF59-F20B-421A-9B93-03CBEECDB6B9}
		{D2446DF7-7393-47A9-A4B7-CD3A9560CA14} = {5EC5CF59-F20B-421A-9B93-03CBEECDB6B9}
		{876751F5-E162-4093-B897-9914C9118034} = {44BD20E8-B5FC-4F77-994A-ACE5F4E5C87E}
		{D8822198-F4C6-4DC4-AD4C-EA04A8277CCB} = {44BD20E8-B5FC-4F77-994A-ACE5F4E5C87E}
		{91EF6E05-3840-499B-9214-8D21BB7F3C7B} = {5EC5CF59-F20B-421A-9B93-03CBEECDB6B9}
		{E147AA5C-C71F-4E7E-A454-54F5270162F7} = {18ECAB53-768C-460A-8F31-ED97C6238F53}
		{B8CF0EBF-2E0E-4A69-9144-9525641A07D7} = {18ECAB53-768C-460A-8F31-ED97C6238F53}
	EndGlobalSection
EndGlobal
