<?xml version="1.0" encoding="utf-8"?>
<Project ToolsVersion="4.0" xmlns="http://schemas.microsoft.com/developer/msbuild/2003">
  <ItemGroup>
    <Filter Include="src">
      <UniqueIdentifier>{4FC737F1-C7A5-4376-A066-2A32D752A2FF}</UniqueIdentifier>
      <Extensions>cpp;c;cc;cxx;def;odl;idl;hpj;bat;asm;asmx</Extensions>
    </Filter>
    <Filter Include="src\asm">
      <UniqueIdentifier>{b50182d7-e14e-4e56-a187-9faab6934f31}</UniqueIdentifier>
    </Filter>
    <Filter Include="src\Draw">
      <UniqueIdentifier>{7d2bf3c2-2706-4da7-b453-58ef2057e7ac}</UniqueIdentifier>
    </Filter>
    <Filter Include="src\Hook">
      <UniqueIdentifier>{a39bb80d-5403-48b5-8b04-28ad8f232b07}</UniqueIdentifier>
    </Filter>
    <Filter Include="src\Player">
      <UniqueIdentifier>{212d9e1a-69e4-47dd-ad4b-6361ccebd764}</UniqueIdentifier>
    </Filter>
    <Filter Include="src\RC">
      <UniqueIdentifier>{0483e9e3-9e22-4e82-b837-e3955ea9dc63}</UniqueIdentifier>
    </Filter>
    <Filter Include="src\Utils">
      <UniqueIdentifier>{2a4e02f4-4fdf-4e7e-b54c-ab2ac9874f00}</UniqueIdentifier>
    </Filter>
    <Filter Include="src\RC\files">
      <UniqueIdentifier>{ab129275-b9ee-490f-9484-31f56dc5bc7f}</UniqueIdentifier>
    </Filter>
    <Filter Include="src\Hard">
      <UniqueIdentifier>{65416d46-789b-49f2-9cb4-a4654e7e1046}</UniqueIdentifier>
    </Filter>
    <Filter Include="src\Patch">
      <UniqueIdentifier>{b90338af-5608-4ac9-b645-8284f80f7712}</UniqueIdentifier>
    </Filter>
  </ItemGroup>
  <ItemGroup>
    <ClInclude Include="..\..\src\Hook\Hook.h">
      <Filter>src\Hook</Filter>
    </ClInclude>
    <ClInclude Include="..\..\src\Draw\Draw.h">
      <Filter>src\Draw</Filter>
    </ClInclude>
    <ClInclude Include="..\..\src\Utils\ApiPack.h">
      <Filter>src\Utils</Filter>
    </ClInclude>
    <ClInclude Include="..\..\src\Utils\Clock.h">
      <Filter>src\Utils</Filter>
    </ClInclude>
    <ClInclude Include="..\..\src\Utils\INI.h">
      <Filter>src\Utils</Filter>
    </ClInclude>
    <ClInclude Include="..\..\src\Utils\Log.h">
      <Filter>src\Utils</Filter>
    </ClInclude>
    <ClInclude Include="..\..\src\Utils\EncodeHelper.h">
      <Filter>src\Utils</Filter>
    </ClInclude>
    <ClInclude Include="..\..\src\Draw\Draw_D3D.h">
      <Filter>src\Draw</Filter>
    </ClInclude>
    <ClInclude Include="..\..\src\Draw\Draw_D3D_DX8.h">
      <Filter>src\Draw</Filter>
    </ClInclude>
    <ClInclude Include="..\..\src\Draw\Draw_D3D_DX9.h">
      <Filter>src\Draw</Filter>
    </ClInclude>
    <ClInclude Include="..\..\src\asm\asm.h">
      <Filter>src\asm</Filter>
    </ClInclude>
    <ClInclude Include="..\..\src\asm\Calls.h">
      <Filter>src\asm</Filter>
    </ClInclude>
    <ClInclude Include="..\..\src\asm\inline_asm.h">
      <Filter>src\asm</Filter>
    </ClInclude>
    <ClInclude Include="..\..\src\Hook\Hook_Apis.h">
      <Filter>src\Hook</Filter>
    </ClInclude>
    <ClInclude Include="..\..\src\Player\Decoder_Ogg.h">
      <Filter>src\Player</Filter>
    </ClInclude>
    <ClInclude Include="..\..\src\Player\Decoder_Wav.h">
      <Filter>src\Player</Filter>
    </ClInclude>
    <ClInclude Include="..\..\src\Player\Player.h">
      <Filter>src\Player</Filter>
    </ClInclude>
    <ClInclude Include="..\..\src\Player\Decoder.h">
      <Filter>src\Player</Filter>
    </ClInclude>
    <ClInclude Include="..\..\src\RC\resource.h">
      <Filter>src\RC</Filter>
    </ClInclude>
    <ClInclude Include="..\..\src\RC\RC.h">
      <Filter>src\RC</Filter>
    </ClInclude>
    <ClInclude Include="..\..\src\RC\RC_SoraRC.h">
      <Filter>src\RC</Filter>
    </ClInclude>
    <ClInclude Include="..\..\src\Utils\build_date.h">
      <Filter>src\Utils</Filter>
    </ClInclude>
    <ClInclude Include="..\..\src\Utils\Type.h">
      <Filter>src\Utils</Filter>
    </ClInclude>
    <ClInclude Include="..\..\src\Message.h">
      <Filter>src</Filter>
    </ClInclude>
    <ClInclude Include="..\..\src\SoraVoice.h">
      <Filter>src</Filter>
    </ClInclude>
    <ClInclude Include="..\..\src\SVData.h">
      <Filter>src</Filter>
    </ClInclude>
    <ClInclude Include="..\..\src\Config.h">
      <Filter>src</Filter>
    </ClInclude>
    <ClInclude Include="..\..\src\ed_voice.h">
      <Filter>src</Filter>
    </ClInclude>
    <ClInclude Include="..\..\src\Init.h">
      <Filter>src</Filter>
    </ClInclude>
    <ClInclude Include="..\..\src\SVEnum.h">
      <Filter>src</Filter>
    </ClInclude>
    <ClInclude Include="..\..\src\Hard\dir_3rd.h">
      <Filter>src\Hard</Filter>
    </ClInclude>
    <ClInclude Include="..\..\src\Hard\dir_fc.h">
      <Filter>src\Hard</Filter>
    </ClInclude>
    <ClInclude Include="..\..\src\Hard\dir_sc.h">
      <Filter>src\Hard</Filter>
    </ClInclude>
    <ClInclude Include="..\..\src\Hard\mapping.h">
      <Filter>src\Hard</Filter>
    </ClInclude>
    <ClInclude Include="..\..\src\Hard\dir.h">
      <Filter>src\Hard</Filter>
    </ClInclude>
    <ClInclude Include="..\..\src\Hard\dir_3rd_quiz.h">
      <Filter>src\Hard</Filter>
    </ClInclude>
    <ClInclude Include="..\..\src\Patch\MemPatch.h">
      <Filter>src\Patch</Filter>
    </ClInclude>
  </ItemGroup>
  <ItemGroup>
    <ClCompile Include="..\..\src\Hook\Hook.cpp">
      <Filter>src\Hook</Filter>
    </ClCompile>
    <ClCompile Include="..\..\src\Hook\Hook_ApiAddr_DX8.cpp">
      <Filter>src\Hook</Filter>
    </ClCompile>
    <ClCompile Include="..\..\src\Hook\Hook_ApiAddr_DX9.cpp">
      <Filter>src\Hook</Filter>
    </ClCompile>
    <ClCompile Include="..\..\src\Hook\Hook_ApiAddr_DInput.cpp">
      <Filter>src\Hook</Filter>
    </ClCompile>
    <ClCompile Include="..\..\src\Draw\Draw.cpp">
      <Filter>src\Draw</Filter>
    </ClCompile>
    <ClCompile Include="..\..\src\Utils\ApiPack.cpp">
      <Filter>src\Utils</Filter>
    </ClCompile>
    <ClCompile Include="..\..\src\Utils\Clock.cpp">
      <Filter>src\Utils</Filter>
    </ClCompile>
    <ClCompile Include="..\..\src\Utils\INI.cpp">
      <Filter>src\Utils</Filter>
    </ClCompile>
    <ClCompile Include="..\..\src\Draw\Draw_D3D.cpp">
      <Filter>src\Draw</Filter>
    </ClCompile>
    <ClCompile Include="..\..\src\Draw\Draw_D3D_DX8.cpp">
      <Filter>src\Draw</Filter>
    </ClCompile>
    <ClCompile Include="..\..\src\Draw\Draw_D3D_DX9.cpp">
      <Filter>src\Draw</Filter>
    </ClCompile>
    <ClCompile Include="..\..\src\asm\asm_aup.cpp">
      <Filter>src\asm</Filter>
    </ClCompile>
    <ClCompile Include="..\..\src\asm\asm_dlgse.cpp">
      <Filter>src\asm</Filter>
    </ClCompile>
    <ClCompile Include="..\..\src\asm\asm_dududu.cpp">
      <Filter>src\asm</Filter>
    </ClCompile>
    <ClCompile Include="..\..\src\asm\asm_ldscn.cpp">
      <Filter>src\asm</Filter>
    </ClCompile>
    <ClCompile Include="..\..\src\asm\asm_ldscnB.cpp">
      <Filter>src\asm</Filter>
    </ClCompile>
    <ClCompile Include="..\..\src\asm\asm_scode.cpp">
      <Filter>src\asm</Filter>
    </ClCompile>
    <ClCompile Include="..\..\src\asm\asm_text.cpp">
      <Filter>src\asm</Filter>
    </ClCompile>
    <ClCompile Include="..\..\src\asm\Calls_LoadScns.cpp">
      <Filter>src\asm</Filter>
    </ClCompile>
    <ClCompile Include="..\..\src\asm\Calls_SoraVoice.cpp">
      <Filter>src\asm</Filter>
    </ClCompile>
    <ClCompile Include="..\..\src\Player\Decoder_Ogg.cpp">
      <Filter>src\Player</Filter>
    </ClCompile>
    <ClCompile Include="..\..\src\Player\Decoder_Wav.cpp">
      <Filter>src\Player</Filter>
    </ClCompile>
    <ClCompile Include="..\..\src\Player\Player.cpp">
      <Filter>src\Player</Filter>
    </ClCompile>
    <ClCompile Include="..\..\src\RC\RC.cpp">
      <Filter>src\RC</Filter>
    </ClCompile>
    <ClCompile Include="..\..\src\Message.cpp">
      <Filter>src</Filter>
    </ClCompile>
    <ClCompile Include="..\..\src\SoraVoice.cpp">
      <Filter>src</Filter>
    </ClCompile>
    <ClCompile Include="..\..\src\SVData.cpp">
      <Filter>src</Filter>
    </ClCompile>
    <ClCompile Include="..\..\src\Config.cpp">
      <Filter>src</Filter>
    </ClCompile>
    <ClCompile Include="..\..\src\ed_voice.cpp">
      <Filter>src</Filter>
    </ClCompile>
    <ClCompile Include="..\..\src\Init.cpp">
      <Filter>src</Filter>
    </ClCompile>
    <ClCompile Include="..\..\src\asm\asm_scnp.cpp">
      <Filter>src\asm</Filter>
    </ClCompile>
    <ClCompile Include="..\..\src\asm\asm_prst.cpp">
      <Filter>src\asm</Filter>
    </ClCompile>
    <ClCompile Include="..\..\src\asm\asm_ldquiz.cpp">
      <Filter>src\asm</Filter>
    </ClCompile>
    <ClCompile Include="..\..\src\asm\asm_ldquizB.cpp">
      <Filter>src\asm</Filter>
    </ClCompile>
    <ClCompile Include="..\..\src\Patch\MemPatch.cpp">
      <Filter>src\Patch</Filter>
    </ClCompile>
  </ItemGroup>
  <ItemGroup>
    <None Include="..\..\src\RC\files\SoraData.ini">
      <Filter>src\RC\files</Filter>
    </None>
    <None Include="..\..\src\RC\files\ao_rnd_vlst.txt">
      <Filter>src\RC\files</Filter>
    </None>
    <None Include="..\..\src\RC\files\Message_en.ini">
      <Filter>src\RC\files</Filter>
    </None>
    <None Include="..\..\src\RC\files\Message_zh.ini">
      <Filter>src\RC\files</Filter>
    </None>
  </ItemGroup>
  <ItemGroup>
    <ResourceCompile Include="..\..\src\RC\ed_voice.rc">
      <Filter>src\RC</Filter>
    </ResourceCompile>
  </ItemGroup>
</Project>